
Microsoft Visual Studio Solution File, Format Version 12.00
# Visual Studio Version 16
VisualStudioVersion = 16.0.33328.57
MinimumVisualStudioVersion = 10.0.40219.1
Project("{FAE04EC0-301F-11D3-BF4B-00C04F79EFBC}") = "dropShips", "dropShips\dropShips.csproj", "{B12CB783-DD28-475B-80CA-70A8E1650E20}"
EndProject
Global
	GlobalSection(SolutionConfigurationPlatforms) = preSolution
		Debug|Any CPU = Debug|Any CPU
		Release|Any CPU = Release|Any CPU
	EndGlobalSection
	GlobalSection(ProjectConfigurationPlatforms) = postSolution
		{B12CB783-DD28-475B-80CA-70A8E1650E20}.Debug|Any CPU.ActiveCfg = Debug|Any CPU
		{B12CB783-DD28-475B-80CA-70A8E1650E20}.Debug|Any CPU.Build.0 = Debug|Any CPU
		{B12CB783-DD28-475B-80CA-70A8E1650E20}.Release|Any CPU.ActiveCfg = Release|Any CPU
		{B12CB783-DD28-475B-80CA-70A8E1650E20}.Release|Any CPU.Build.0 = Release|Any CPU
	EndGlobalSection
	GlobalSection(SolutionProperties) = preSolution
		HideSolutionNode = FALSE
	EndGlobalSection
	GlobalSection(ExtensibilityGlobals) = postSolution
		SolutionGuid = {7E23CEAD-E930-48AB-8480-2B61097EB3DD}
	EndGlobalSection
EndGlobal
